
Microsoft Visual Studio Solution File, Format Version 12.00
# Visual Studio 2013
VisualStudioVersion = 12.0.31101.0
MinimumVisualStudioVersion = 10.0.40219.1
Project("{FAE04EC0-301F-11D3-BF4B-00C04F79EFBC}") = "Chapter1", "Chapter1\Chapter1.csproj", "{2E384633-DAA3-41A1-88A6-006C85D199A1}"
EndProject
Project("{FAE04EC0-301F-11D3-BF4B-00C04F79EFBC}") = "Chapter1.Test", "Chapter1.Test\Chapter1.Test.csproj", "{E9662416-C265-4468-975F-BF5FB590EDFB}"
EndProject
Project("{2150E333-8FDC-42A3-9474-1A3956D46DE8}") = "Schema", "Schema", "{B3BB5ED6-A69C-4C58-9A83-4BE1DF4F242C}"
	ProjectSection(SolutionItems) = preProject
		packages\NHibernate.4.0.2.4000\nhibernate-configuration.xsd = packages\NHibernate.4.0.2.4000\nhibernate-configuration.xsd
		packages\NHibernate.4.0.2.4000\nhibernate-mapping.xsd = packages\NHibernate.4.0.2.4000\nhibernate-mapping.xsd
	EndProjectSection
EndProject
Global
	GlobalSection(SolutionConfigurationPlatforms) = preSolution
		Debug|Any CPU = Debug|Any CPU
		Release|Any CPU = Release|Any CPU
	EndGlobalSection
	GlobalSection(ProjectConfigurationPlatforms) = postSolution
		{2E384633-DAA3-41A1-88A6-006C85D199A1}.Debug|Any CPU.ActiveCfg = Debug|Any CPU
		{2E384633-DAA3-41A1-88A6-006C85D199A1}.Debug|Any CPU.Build.0 = Debug|Any CPU
		{2E384633-DAA3-41A1-88A6-006C85D199A1}.Release|Any CPU.ActiveCfg = Release|Any CPU
		{2E384633-DAA3-41A1-88A6-006C85D199A1}.Release|Any CPU.Build.0 = Release|Any CPU
		{E9662416-C265-4468-975F-BF5FB590EDFB}.Debug|Any CPU.ActiveCfg = Debug|Any CPU
		{E9662416-C265-4468-975F-BF5FB590EDFB}.Debug|Any CPU.Build.0 = Debug|Any CPU
		{E9662416-C265-4468-975F-BF5FB590EDFB}.Release|Any CPU.ActiveCfg = Release|Any CPU
		{E9662416-C265-4468-975F-BF5FB590EDFB}.Release|Any CPU.Build.0 = Release|Any CPU
	EndGlobalSection
	GlobalSection(SolutionProperties) = preSolution
		HideSolutionNode = FALSE
	EndGlobalSection
EndGlobal
